// !$*UTF8*$!
{
	archiveVersion = 1;
	classes = {
	};
	objectVersion = 46;
	objects = {

/* Begin PBXBuildFile section */
		4DD74F6F169A1D8700C2C018 /* UIKit.framework in Frameworks */ = {isa = PBXBuildFile; fileRef = 4DD74F6E169A1D8700C2C018 /* UIKit.framework */; };
		4DD74F71169A1D8700C2C018 /* Foundation.framework in Frameworks */ = {isa = PBXBuildFile; fileRef = 4DD74F70169A1D8700C2C018 /* Foundation.framework */; };
		4DD74F73169A1D8700C2C018 /* CoreGraphics.framework in Frameworks */ = {isa = PBXBuildFile; fileRef = 4DD74F72169A1D8700C2C018 /* CoreGraphics.framework */; };
		4DD74F79169A1D8700C2C018 /* InfoPlist.strings in Resources */ = {isa = PBXBuildFile; fileRef = 4DD74F77169A1D8700C2C018 /* InfoPlist.strings */; };
		4DD74F7B169A1D8700C2C018 /* main.m in Sources */ = {isa = PBXBuildFile; fileRef = 4DD74F7A169A1D8700C2C018 /* main.m */; };
		4DD74F7F169A1D8700C2C018 /* MHPAppDelegate.m in Sources */ = {isa = PBXBuildFile; fileRef = 4DD74F7E169A1D8700C2C018 /* MHPAppDelegate.m */; };
		4DD74F81169A1D8700C2C018 /* Default.png in Resources */ = {isa = PBXBuildFile; fileRef = 4DD74F80169A1D8700C2C018 /* Default.png */; };
		4DD74F83169A1D8700C2C018 /* Default@2x.png in Resources */ = {isa = PBXBuildFile; fileRef = 4DD74F82169A1D8700C2C018 /* Default@2x.png */; };
		4DD74F85169A1D8700C2C018 /* Default-568h@2x.png in Resources */ = {isa = PBXBuildFile; fileRef = 4DD74F84169A1D8700C2C018 /* Default-568h@2x.png */; };
		4DD74F88169A1D8700C2C018 /* MainStoryboard.storyboard in Resources */ = {isa = PBXBuildFile; fileRef = 4DD74F86169A1D8700C2C018 /* MainStoryboard.storyboard */; };
		4DD74F8B169A1D8700C2C018 /* MHPViewController.m in Sources */ = {isa = PBXBuildFile; fileRef = 4DD74F8A169A1D8700C2C018 /* MHPViewController.m */; };
		4DD74F92169A202A00C2C018 /* CoreImage.framework in Frameworks */ = {isa = PBXBuildFile; fileRef = 4DD74F91169A202A00C2C018 /* CoreImage.framework */; };
		4DD74F94169A20F000C2C018 /* sourceImage.png in Resources */ = {isa = PBXBuildFile; fileRef = 4DD74F93169A20EF00C2C018 /* sourceImage.png */; };
/* End PBXBuildFile section */

/* Begin PBXFileReference section */
		4DD74F6A169A1D8700C2C018 /* FilterDemo.app */ = {isa = PBXFileReference; explicitFileType = wrapper.application; includeInIndex = 0; path = FilterDemo.app; sourceTree = BUILT_PRODUCTS_DIR; };
		4DD74F6E169A1D8700C2C018 /* UIKit.framework */ = {isa = PBXFileReference; lastKnownFileType = wrapper.framework; name = UIKit.framework; path = System/Library/Frameworks/UIKit.framework; sourceTree = SDKROOT; };
		4DD74F70169A1D8700C2C018 /* Foundation.framework */ = {isa = PBXFileReference; lastKnownFileType = wrapper.framework; name = Foundation.framework; path = System/Library/Frameworks/Foundation.framework; sourceTree = SDKROOT; };
		4DD74F72169A1D8700C2C018 /* CoreGraphics.framework */ = {isa = PBXFileReference; lastKnownFileType = wrapper.framework; name = CoreGraphics.framework; path = System/Library/Frameworks/CoreGraphics.framework; sourceTree = SDKROOT; };
		4DD74F76169A1D8700C2C018 /* FilterDemo-Info.plist */ = {isa = PBXFileReference; lastKnownFileType = text.plist.xml; path = "FilterDemo-Info.plist"; sourceTree = "<group>"; };
		4DD74F78169A1D8700C2C018 /* en */ = {isa = PBXFileReference; lastKnownFileType = text.plist.strings; name = en; path = en.lproj/InfoPlist.strings; sourceTree = "<group>"; };
		4DD74F7A169A1D8700C2C018 /* main.m */ = {isa = PBXFileReference; lastKnownFileType = sourcecode.c.objc; path = main.m; sourceTree = "<group>"; };
		4DD74F7C169A1D8700C2C018 /* FilterDemo-Prefix.pch */ = {isa = PBXFileReference; lastKnownFileType = sourcecode.c.h; path = "FilterDemo-Prefix.pch"; sourceTree = "<group>"; };
		4DD74F7D169A1D8700C2C018 /* MHPAppDelegate.h */ = {isa = PBXFileReference; lastKnownFileType = sourcecode.c.h; path = MHPAppDelegate.h; sourceTree = "<group>"; };
		4DD74F7E169A1D8700C2C018 /* MHPAppDelegate.m */ = {isa = PBXFileReference; lastKnownFileType = sourcecode.c.objc; path = MHPAppDelegate.m; sourceTree = "<group>"; };
		4DD74F80169A1D8700C2C018 /* Default.png */ = {isa = PBXFileReference; lastKnownFileType = image.png; path = Default.png; sourceTree = "<group>"; };
		4DD74F82169A1D8700C2C018 /* Default@2x.png */ = {isa = PBXFileReference; lastKnownFileType = image.png; path = "Default@2x.png"; sourceTree = "<group>"; };
		4DD74F84169A1D8700C2C018 /* Default-568h@2x.png */ = {isa = PBXFileReference; lastKnownFileType = image.png; path = "Default-568h@2x.png"; sourceTree = "<group>"; };
		4DD74F87169A1D8700C2C018 /* en */ = {isa = PBXFileReference; lastKnownFileType = file.storyboard; name = en; path = en.lproj/MainStoryboard.storyboard; sourceTree = "<group>"; };
		4DD74F89169A1D8700C2C018 /* MHPViewController.h */ = {isa = PBXFileReference; lastKnownFileType = sourcecode.c.h; path = MHPViewController.h; sourceTree = "<group>"; };
		4DD74F8A169A1D8700C2C018 /* MHPViewController.m */ = {isa = PBXFileReference; lastKnownFileType = sourcecode.c.objc; path = MHPViewController.m; sourceTree = "<group>"; };
		4DD74F91169A202A00C2C018 /* CoreImage.framework */ = {isa = PBXFileReference; lastKnownFileType = wrapper.framework; name = CoreImage.framework; path = System/Library/Frameworks/CoreImage.framework; sourceTree = SDKROOT; };
		4DD74F93169A20EF00C2C018 /* sourceImage.png */ = {isa = PBXFileReference; lastKnownFileType = image.png; path = sourceImage.png; sourceTree = "<group>"; };
/* End PBXFileReference section */

/* Begin PBXFrameworksBuildPhase section */
		4DD74F67169A1D8700C2C018 /* Frameworks */ = {
			isa = PBXFrameworksBuildPhase;
			buildActionMask = 2147483647;
			files = (
				4DD74F92169A202A00C2C018 /* CoreImage.framework in Frameworks */,
				4DD74F6F169A1D8700C2C018 /* UIKit.framework in Frameworks */,
				4DD74F71169A1D8700C2C018 /* Foundation.framework in Frameworks */,
				4DD74F73169A1D8700C2C018 /* CoreGraphics.framework in Frameworks */,
			);
			runOnlyForDeploymentPostprocessing = 0;
		};
/* End PBXFrameworksBuildPhase section */

/* Begin PBXGroup section */
		4DD74F5F169A1D8700C2C018 = {
			isa = PBXGroup;
			children = (
				4DD74F74169A1D8700C2C018 /* FilterDemo */,
				4DD74F6D169A1D8700C2C018 /* Frameworks */,
				4DD74F6B169A1D8700C2C018 /* Products */,
			);
			sourceTree = "<group>";
		};
		4DD74F6B169A1D8700C2C018 /* Products */ = {
			isa = PBXGroup;
			children = (
				4DD74F6A169A1D8700C2C018 /* FilterDemo.app */,
			);
			name = Products;
			sourceTree = "<group>";
		};
		4DD74F6D169A1D8700C2C018 /* Frameworks */ = {
			isa = PBXGroup;
			children = (
				4DD74F91169A202A00C2C018 /* CoreImage.framework */,
				4DD74F6E169A1D8700C2C018 /* UIKit.framework */,
				4DD74F70169A1D8700C2C018 /* Foundation.framework */,
				4DD74F72169A1D8700C2C018 /* CoreGraphics.framework */,
			);
			name = Frameworks;
			sourceTree = "<group>";
		};
		4DD74F74169A1D8700C2C018 /* FilterDemo */ = {
			isa = PBXGroup;
			children = (
				4DD74F7D169A1D8700C2C018 /* MHPAppDelegate.h */,
				4DD74F7E169A1D8700C2C018 /* MHPAppDelegate.m */,
				4DD74F86169A1D8700C2C018 /* MainStoryboard.storyboard */,
				4DD74F89169A1D8700C2C018 /* MHPViewController.h */,
				4DD74F8A169A1D8700C2C018 /* MHPViewController.m */,
				4DD74F75169A1D8700C2C018 /* Supporting Files */,
			);
			path = FilterDemo;
			sourceTree = "<group>";
		};
		4DD74F75169A1D8700C2C018 /* Supporting Files */ = {
			isa = PBXGroup;
			children = (
				4DD74F76169A1D8700C2C018 /* FilterDemo-Info.plist */,
				4DD74F77169A1D8700C2C018 /* InfoPlist.strings */,
				4DD74F7A169A1D8700C2C018 /* main.m */,
				4DD74F7C169A1D8700C2C018 /* FilterDemo-Prefix.pch */,
				4DD74F80169A1D8700C2C018 /* Default.png */,
				4DD74F82169A1D8700C2C018 /* Default@2x.png */,
				4DD74F84169A1D8700C2C018 /* Default-568h@2x.png */,
				4DD74F93169A20EF00C2C018 /* sourceImage.png */,
			);
			name = "Supporting Files";
			sourceTree = "<group>";
		};
/* End PBXGroup section */

/* Begin PBXNativeTarget section */
		4DD74F69169A1D8700C2C018 /* FilterDemo */ = {
			isa = PBXNativeTarget;
			buildConfigurationList = 4DD74F8E169A1D8700C2C018 /* Build configuration list for PBXNativeTarget "FilterDemo" */;
			buildPhases = (
				4DD74F66169A1D8700C2C018 /* Sources */,
				4DD74F67169A1D8700C2C018 /* Frameworks */,
				4DD74F68169A1D8700C2C018 /* Resources */,
			);
			buildRules = (
			);
			dependencies = (
			);
			name = FilterDemo;
			productName = FilterDemo;
			productReference = 4DD74F6A169A1D8700C2C018 /* FilterDemo.app */;
			productType = "com.apple.product-type.application";
		};
/* End PBXNativeTarget section */

/* Begin PBXProject section */
		4DD74F61169A1D8700C2C018 /* Project object */ = {
			isa = PBXProject;
			attributes = {
				CLASSPREFIX = MHP;
				LastUpgradeCheck = 0450;
				ORGANIZATIONNAME = "Grok Software";
			};
			buildConfigurationList = 4DD74F64169A1D8700C2C018 /* Build configuration list for PBXProject "FilterDemo" */;
			compatibilityVersion = "Xcode 3.2";
			developmentRegion = English;
			hasScannedForEncodings = 0;
			knownRegions = (
				en,
			);
			mainGroup = 4DD74F5F169A1D8700C2C018;
			productRefGroup = 4DD74F6B169A1D8700C2C018 /* Products */;
			projectDirPath = "";
			projectRoot = "";
			targets = (
				4DD74F69169A1D8700C2C018 /* FilterDemo */,
			);
		};
/* End PBXProject section */

/* Begin PBXResourcesBuildPhase section */
		4DD74F68169A1D8700C2C018 /* Resources */ = {
			isa = PBXResourcesBuildPhase;
			buildActionMask = 2147483647;
			files = (
				4DD74F79169A1D8700C2C018 /* InfoPlist.strings in Resources */,
				4DD74F81169A1D8700C2C018 /* Default.png in Resources */,
				4DD74F83169A1D8700C2C018 /* Default@2x.png in Resources */,
				4DD74F85169A1D8700C2C018 /* Default-568h@2x.png in Resources */,
				4DD74F88169A1D8700C2C018 /* MainStoryboard.storyboard in Resources */,
				4DD74F94169A20F000C2C018 /* sourceImage.png in Resources */,
			);
			runOnlyForDeploymentPostprocessing = 0;
		};
/* End PBXResourcesBuildPhase section */

/* Begin PBXSourcesBuildPhase section */
		4DD74F66169A1D8700C2C018 /* Sources */ = {
			isa = PBXSourcesBuildPhase;
			buildActionMask = 2147483647;
			files = (
				4DD74F7B169A1D8700C2C018 /* main.m in Sources */,
				4DD74F7F169A1D8700C2C018 /* MHPAppDelegate.m in Sources */,
				4DD74F8B169A1D8700C2C018 /* MHPViewController.m in Sources */,
			);
			runOnlyForDeploymentPostprocessing = 0;
		};
/* End PBXSourcesBuildPhase section */

/* Begin PBXVariantGroup section */
		4DD74F77169A1D8700C2C018 /* InfoPlist.strings */ = {
			isa = PBXVariantGroup;
			children = (
				4DD74F78169A1D8700C2C018 /* en */,
			);
			name = InfoPlist.strings;
			sourceTree = "<group>";
		};
		4DD74F86169A1D8700C2C018 /* MainStoryboard.storyboard */ = {
			isa = PBXVariantGroup;
			children = (
				4DD74F87169A1D8700C2C018 /* en */,
			);
			name = MainStoryboard.storyboard;
			sourceTree = "<group>";
		};
/* End PBXVariantGroup section */

/* Begin XCBuildConfiguration section */
		4DD74F8C169A1D8700C2C018 /* Debug */ = {
			isa = XCBuildConfiguration;
			buildSettings = {
				ALWAYS_SEARCH_USER_PATHS = NO;
				CLANG_CXX_LANGUAGE_STANDARD = "gnu++0x";
				CLANG_CXX_LIBRARY = "libc++";
				CLANG_ENABLE_OBJC_ARC = YES;
				CLANG_WARN_EMPTY_BODY = YES;
				CLANG_WARN__DUPLICATE_METHOD_MATCH = YES;
				"CODE_SIGN_IDENTITY[sdk=iphoneos*]" = "iPhone Developer";
				COPY_PHASE_STRIP = NO;
				GCC_C_LANGUAGE_STANDARD = gnu99;
				GCC_DYNAMIC_NO_PIC = NO;
				GCC_OPTIMIZATION_LEVEL = 0;
				GCC_PREPROCESSOR_DEFINITIONS = (
					"DEBUG=1",
					"$(inherited)",
				);
				GCC_SYMBOLS_PRIVATE_EXTERN = NO;
				GCC_WARN_ABOUT_RETURN_TYPE = YES;
				GCC_WARN_UNINITIALIZED_AUTOS = YES;
				GCC_WARN_UNUSED_VARIABLE = YES;
				IPHONEOS_DEPLOYMENT_TARGET = 6.0;
				ONLY_ACTIVE_ARCH = YES;
				SDKROOT = iphoneos;
				TARGETED_DEVICE_FAMILY = 2;
			};
			name = Debug;
		};
		4DD74F8D169A1D8700C2C018 /* Release */ = {
			isa = XCBuildConfiguration;
			buildSettings = {
				ALWAYS_SEARCH_USER_PATHS = NO;
				CLANG_CXX_LANGUAGE_STANDARD = "gnu++0x";
				CLANG_CXX_LIBRARY = "libc++";
				CLANG_ENABLE_OBJC_ARC = YES;
				CLANG_WARN_EMPTY_BODY = YES;
				CLANG_WARN__DUPLICATE_METHOD_MATCH = YES;
				"CODE_SIGN_IDENTITY[sdk=iphoneos*]" = "iPhone Developer";
				COPY_PHASE_STRIP = YES;
				GCC_C_LANGUAGE_STANDARD = gnu99;
				GCC_WARN_ABOUT_RETURN_TYPE = YES;
				GCC_WARN_UNINITIALIZED_AUTOS = YES;
				GCC_WARN_UNUSED_VARIABLE = YES;
				IPHONEOS_DEPLOYMENT_TARGET = 6.0;
				OTHER_CFLAGS = "-DNS_BLOCK_ASSERTIONS=1";
				SDKROOT = iphoneos;
				TARGETED_DEVICE_FAMILY = 2;
				VALIDATE_PRODUCT = YES;
			};
			name = Release;
		};
		4DD74F8F169A1D8700C2C018 /* Debug */ = {
			isa = XCBuildConfiguration;
			buildSettings = {
				GCC_PRECOMPILE_PREFIX_HEADER = YES;
				GCC_PREFIX_HEADER = "FilterDemo/FilterDemo-Prefix.pch";
				INFOPLIST_FILE = "FilterDemo/FilterDemo-Info.plist";
				PRODUCT_NAME = "$(TARGET_NAME)";
				WRAPPER_EXTENSION = app;
			};
			name = Debug;
		};
		4DD74F90169A1D8700C2C018 /* Release */ = {
			isa = XCBuildConfiguration;
			buildSettings = {
				GCC_PRECOMPILE_PREFIX_HEADER = YES;
				GCC_PREFIX_HEADER = "FilterDemo/FilterDemo-Prefix.pch";
				INFOPLIST_FILE = "FilterDemo/FilterDemo-Info.plist";
				PRODUCT_NAME = "$(TARGET_NAME)";
				WRAPPER_EXTENSION = app;
			};
			name = Release;
		};
/* End XCBuildConfiguration section */

/* Begin XCConfigurationList section */
		4DD74F64169A1D8700C2C018 /* Build configuration list for PBXProject "FilterDemo" */ = {
			isa = XCConfigurationList;
			buildConfigurations = (
				4DD74F8C169A1D8700C2C018 /* Debug */,
				4DD74F8D169A1D8700C2C018 /* Release */,
			);
			defaultConfigurationIsVisible = 0;
			defaultConfigurationName = Release;
		};
		4DD74F8E169A1D8700C2C018 /* Build configuration list for PBXNativeTarget "FilterDemo" */ = {
			isa = XCConfigurationList;
			buildConfigurations = (
				4DD74F8F169A1D8700C2C018 /* Debug */,
				4DD74F90169A1D8700C2C018 /* Release */,
			);
			defaultConfigurationIsVisible = 0;
		};
/* End XCConfigurationList section */
	};
	rootObject = 4DD74F61169A1D8700C2C018 /* Project object */;
}
